// !$*UTF8*$!
{
	archiveVersion = 1;
	classes = {
	};
	objectVersion = 46;
	objects = {

/* Begin PBXBuildFile section */
		4A5FD9B65E05CA772814FF88 /* Pods_GaoXiao.framework in Frameworks */ = {isa = PBXBuildFile; fileRef = 1465DDC615306C74BC62620F /* Pods_GaoXiao.framework */; };
		D2263DE21F669E6600165F65 /* ADCell.swift in Sources */ = {isa = PBXBuildFile; fileRef = D2263DE11F669E6600165F65 /* ADCell.swift */; };
		D255CADA1F63A7E1006DE573 /* ImageDownloader.swift in Sources */ = {isa = PBXBuildFile; fileRef = D255CAD51F63A7E1006DE573 /* ImageDownloader.swift */; };
		D255CADB1F63A7E1006DE573 /* ImageFiltration.swift in Sources */ = {isa = PBXBuildFile; fileRef = D255CAD61F63A7E1006DE573 /* ImageFiltration.swift */; };
		D255CADC1F63A7E1006DE573 /* ImageOperations.swift in Sources */ = {isa = PBXBuildFile; fileRef = D255CAD71F63A7E1006DE573 /* ImageOperations.swift */; };
		D255CADD1F63A7E1006DE573 /* SCRegular.swift in Sources */ = {isa = PBXBuildFile; fileRef = D255CAD81F63A7E1006DE573 /* SCRegular.swift */; };
		D255CADE1F63A7E1006DE573 /* Utils.swift in Sources */ = {isa = PBXBuildFile; fileRef = D255CAD91F63A7E1006DE573 /* Utils.swift */; };
		D255CAE61F63A83E006DE573 /* CJVideoPlayer.m in Sources */ = {isa = PBXBuildFile; fileRef = D255CAE11F63A83E006DE573 /* CJVideoPlayer.m */; };
		D255CAE71F63A83E006DE573 /* ImageResources.bundle in Resources */ = {isa = PBXBuildFile; fileRef = D255CAE21F63A83E006DE573 /* ImageResources.bundle */; };
		D255CAE81F63A83E006DE573 /* CJSlider.m in Sources */ = {isa = PBXBuildFile; fileRef = D255CAE51F63A83E006DE573 /* CJSlider.m */; };
		D255CB081F63ACB4006DE573 /* Info.plist in Resources */ = {isa = PBXBuildFile; fileRef = D255CAEE1F63ACB3006DE573 /* Info.plist */; };
		D255CB091F63ACB4006DE573 /* MASCompositeConstraint.m in Sources */ = {isa = PBXBuildFile; fileRef = D255CAF01F63ACB3006DE573 /* MASCompositeConstraint.m */; };
		D255CB0A1F63ACB4006DE573 /* MASConstraint.m in Sources */ = {isa = PBXBuildFile; fileRef = D255CAF31F63ACB3006DE573 /* MASConstraint.m */; };
		D255CB0B1F63ACB4006DE573 /* MASConstraintMaker.m in Sources */ = {isa = PBXBuildFile; fileRef = D255CAF51F63ACB3006DE573 /* MASConstraintMaker.m */; };
		D255CB0C1F63ACB4006DE573 /* MASLayoutConstraint.m in Sources */ = {isa = PBXBuildFile; fileRef = D255CAF71F63ACB3006DE573 /* MASLayoutConstraint.m */; };
		D255CB0D1F63ACB4006DE573 /* MASViewAttribute.m in Sources */ = {isa = PBXBuildFile; fileRef = D255CAFB1F63ACB3006DE573 /* MASViewAttribute.m */; };
		D255CB0E1F63ACB4006DE573 /* MASViewConstraint.m in Sources */ = {isa = PBXBuildFile; fileRef = D255CAFD1F63ACB3006DE573 /* MASViewConstraint.m */; };
		D255CB0F1F63ACB4006DE573 /* NSArray+MASAdditions.m in Sources */ = {isa = PBXBuildFile; fileRef = D255CAFF1F63ACB3006DE573 /* NSArray+MASAdditions.m */; };
		D255CB101F63ACB4006DE573 /* NSLayoutConstraint+MASDebugAdditions.m in Sources */ = {isa = PBXBuildFile; fileRef = D255CB021F63ACB4006DE573 /* NSLayoutConstraint+MASDebugAdditions.m */; };
		D255CB111F63ACB4006DE573 /* View+MASAdditions.m in Sources */ = {isa = PBXBuildFile; fileRef = D255CB041F63ACB4006DE573 /* View+MASAdditions.m */; };
		D255CB121F63ACB4006DE573 /* ViewController+MASAdditions.m in Sources */ = {isa = PBXBuildFile; fileRef = D255CB071F63ACB4006DE573 /* ViewController+MASAdditions.m */; };
		D255CB311F63BB3A006DE573 /* NSData+ImageContentType.m in Sources */ = {isa = PBXBuildFile; fileRef = D255CB151F63BB3A006DE573 /* NSData+ImageContentType.m */; };
		D255CB321F63BB3A006DE573 /* SDImageCache.m in Sources */ = {isa = PBXBuildFile; fileRef = D255CB171F63BB3A006DE573 /* SDImageCache.m */; };
		D255CB331F63BB3A006DE573 /* SDWebImageCompat.m in Sources */ = {isa = PBXBuildFile; fileRef = D255CB191F63BB3A006DE573 /* SDWebImageCompat.m */; };
		D255CB341F63BB3A006DE573 /* SDWebImageDecoder.m in Sources */ = {isa = PBXBuildFile; fileRef = D255CB1B1F63BB3A006DE573 /* SDWebImageDecoder.m */; };
		D255CB351F63BB3A006DE573 /* SDWebImageDownloader.m in Sources */ = {isa = PBXBuildFile; fileRef = D255CB1D1F63BB3A006DE573 /* SDWebImageDownloader.m */; };
		D255CB361F63BB3A006DE573 /* SDWebImageDownloaderOperation.m in Sources */ = {isa = PBXBuildFile; fileRef = D255CB1F1F63BB3A006DE573 /* SDWebImageDownloaderOperation.m */; };
		D255CB371F63BB3A006DE573 /* SDWebImageManager.m in Sources */ = {isa = PBXBuildFile; fileRef = D255CB211F63BB3A006DE573 /* SDWebImageManager.m */; };
		D255CB381F63BB3A006DE573 /* SDWebImagePrefetcher.m in Sources */ = {isa = PBXBuildFile; fileRef = D255CB241F63BB3A006DE573 /* SDWebImagePrefetcher.m */; };
		D255CB391F63BB3A006DE573 /* UIButton+WebCache.m in Sources */ = {isa = PBXBuildFile; fileRef = D255CB261F63BB3A006DE573 /* UIButton+WebCache.m */; };
		D255CB3A1F63BB3A006DE573 /* UIImage+GIF.m in Sources */ = {isa = PBXBuildFile; fileRef = D255CB281F63BB3A006DE573 /* UIImage+GIF.m */; };
		D255CB3B1F63BB3A006DE573 /* UIImage+MultiFormat.m in Sources */ = {isa = PBXBuildFile; fileRef = D255CB2A1F63BB3A006DE573 /* UIImage+MultiFormat.m */; };
		D255CB3C1F63BB3A006DE573 /* UIImageView+HighlightedWebCache.m in Sources */ = {isa = PBXBuildFile; fileRef = D255CB2C1F63BB3A006DE573 /* UIImageView+HighlightedWebCache.m */; };
		D255CB3D1F63BB3A006DE573 /* UIImageView+WebCache.m in Sources */ = {isa = PBXBuildFile; fileRef = D255CB2E1F63BB3A006DE573 /* UIImageView+WebCache.m */; };
		D255CB3E1F63BB3A006DE573 /* UIView+WebCacheOperation.m in Sources */ = {isa = PBXBuildFile; fileRef = D255CB301F63BB3A006DE573 /* UIView+WebCacheOperation.m */; };
		D255CB411F63BCF1006DE573 /* default.png in Resources */ = {isa = PBXBuildFile; fileRef = D255CB3F1F63BCF1006DE573 /* default.png */; };
		D256EA7A1F63CE28009B4329 /* LastListTableViewController.swift in Sources */ = {isa = PBXBuildFile; fileRef = D256EA791F63CE28009B4329 /* LastListTableViewController.swift */; };
		D291C9B01F3D5753008B3D94 /* AppDelegate.swift in Sources */ = {isa = PBXBuildFile; fileRef = D291C9AF1F3D5753008B3D94 /* AppDelegate.swift */; };
		D291C9B51F3D5753008B3D94 /* Main.storyboard in Resources */ = {isa = PBXBuildFile; fileRef = D291C9B31F3D5753008B3D94 /* Main.storyboard */; };
		D291C9B71F3D5753008B3D94 /* Assets.xcassets in Resources */ = {isa = PBXBuildFile; fileRef = D291C9B61F3D5753008B3D94 /* Assets.xcassets */; };
		D291C9BA1F3D5753008B3D94 /* LaunchScreen.storyboard in Resources */ = {isa = PBXBuildFile; fileRef = D291C9B81F3D5753008B3D94 /* LaunchScreen.storyboard */; };
		D291C9C91F3D5D9A008B3D94 /* GuideViewController.swift in Sources */ = {isa = PBXBuildFile; fileRef = D291C9C81F3D5D9A008B3D94 /* GuideViewController.swift */; };
		D291C9CB1F3D68F5008B3D94 /* MainViewController.swift in Sources */ = {isa = PBXBuildFile; fileRef = D291C9CA1F3D68F5008B3D94 /* MainViewController.swift */; };
		D291C9D01F3D6DE5008B3D94 /* Article.swift in Sources */ = {isa = PBXBuildFile; fileRef = D291C9CC1F3D6DE5008B3D94 /* Article.swift */; };
		D291C9D11F3D6DE5008B3D94 /* ArticleRecord.swift in Sources */ = {isa = PBXBuildFile; fileRef = D291C9CD1F3D6DE5008B3D94 /* ArticleRecord.swift */; };
		D291C9D21F3D6DE5008B3D94 /* Category.swift in Sources */ = {isa = PBXBuildFile; fileRef = D291C9CE1F3D6DE5008B3D94 /* Category.swift */; };
		D291C9D51F3D6E64008B3D94 /* RekuuServices.swift in Sources */ = {isa = PBXBuildFile; fileRef = D291C9D41F3D6E64008B3D94 /* RekuuServices.swift */; };
		D291CA3A1F62FD50008B3D94 /* AppInfoModel.swift in Sources */ = {isa = PBXBuildFile; fileRef = D291CA381F62FD50008B3D94 /* AppInfoModel.swift */; };
		D291CA3B1F62FD50008B3D94 /* CheckVersionMgr.swift in Sources */ = {isa = PBXBuildFile; fileRef = D291CA391F62FD50008B3D94 /* CheckVersionMgr.swift */; };
		D291CA3D1F630B26008B3D94 /* LastList.storyboard in Resources */ = {isa = PBXBuildFile; fileRef = D291CA3C1F630B26008B3D94 /* LastList.storyboard */; };
		D291CA3F1F630B53008B3D94 /* About.storyboard in Resources */ = {isa = PBXBuildFile; fileRef = D291CA3E1F630B53008B3D94 /* About.storyboard */; };
		D291CA411F630B87008B3D94 /* HotList.storyboard in Resources */ = {isa = PBXBuildFile; fileRef = D291CA401F630B87008B3D94 /* HotList.storyboard */; };
		D291CA431F630BC7008B3D94 /* CategoryList.storyboard in Resources */ = {isa = PBXBuildFile; fileRef = D291CA421F630BC7008B3D94 /* CategoryList.storyboard */; };
		D291CA451F631D4B008B3D94 /* LastListViewController.swift in Sources */ = {isa = PBXBuildFile; fileRef = D291CA441F631D4B008B3D94 /* LastListViewController.swift */; };
		D291CA471F631D69008B3D94 /* CategoryListViewController.swift in Sources */ = {isa = PBXBuildFile; fileRef = D291CA461F631D69008B3D94 /* CategoryListViewController.swift */; };
		D291CA491F631D81008B3D94 /* CategoryListTableViewController.swift in Sources */ = {isa = PBXBuildFile; fileRef = D291CA481F631D81008B3D94 /* CategoryListTableViewController.swift */; };
		D291CA4B1F631D96008B3D94 /* AboutViewController.swift in Sources */ = {isa = PBXBuildFile; fileRef = D291CA4A1F631D96008B3D94 /* AboutViewController.swift */; };
		D291CA501F631F20008B3D94 /* GifCell.swift in Sources */ = {isa = PBXBuildFile; fileRef = D291CA4C1F631F20008B3D94 /* GifCell.swift */; };
		D291CA511F631F20008B3D94 /* ImgCell.swift in Sources */ = {isa = PBXBuildFile; fileRef = D291CA4D1F631F20008B3D94 /* ImgCell.swift */; };
		D291CA521F631F20008B3D94 /* TextCell.swift in Sources */ = {isa = PBXBuildFile; fileRef = D291CA4E1F631F20008B3D94 /* TextCell.swift */; };
		D291CA531F631F20008B3D94 /* VideoCell.swift in Sources */ = {isa = PBXBuildFile; fileRef = D291CA4F1F631F20008B3D94 /* VideoCell.swift */; };
		D29B5C021F679A6500FDA74B /* NativeExpressAd.xib in Resources */ = {isa = PBXBuildFile; fileRef = D29B5C011F679A6500FDA74B /* NativeExpressAd.xib */; };
/* End PBXBuildFile section */

/* Begin PBXFileReference section */
		04C31A6281BEE197C5B0DB86 /* Pods-GaoXiao.debug.xcconfig */ = {isa = PBXFileReference; includeInIndex = 1; lastKnownFileType = text.xcconfig; name = "Pods-GaoXiao.debug.xcconfig"; path = "Pods/Target Support Files/Pods-GaoXiao/Pods-GaoXiao.debug.xcconfig"; sourceTree = "<group>"; };
		1465DDC615306C74BC62620F /* Pods_GaoXiao.framework */ = {isa = PBXFileReference; explicitFileType = wrapper.framework; includeInIndex = 0; path = Pods_GaoXiao.framework; sourceTree = BUILT_PRODUCTS_DIR; };
		62C0A59BEDCF73EA504877D9 /* Pods-GaoXiao.release.xcconfig */ = {isa = PBXFileReference; includeInIndex = 1; lastKnownFileType = text.xcconfig; name = "Pods-GaoXiao.release.xcconfig"; path = "Pods/Target Support Files/Pods-GaoXiao/Pods-GaoXiao.release.xcconfig"; sourceTree = "<group>"; };
		D2263DE11F669E6600165F65 /* ADCell.swift */ = {isa = PBXFileReference; fileEncoding = 4; lastKnownFileType = sourcecode.swift; name = ADCell.swift; path = Views/ADCell.swift; sourceTree = "<group>"; };
		D255CAD51F63A7E1006DE573 /* ImageDownloader.swift */ = {isa = PBXFileReference; fileEncoding = 4; lastKnownFileType = sourcecode.swift; name = ImageDownloader.swift; path = Common/ImageDownloader.swift; sourceTree = "<group>"; };
		D255CAD61F63A7E1006DE573 /* ImageFiltration.swift */ = {isa = PBXFileReference; fileEncoding = 4; lastKnownFileType = sourcecode.swift; name = ImageFiltration.swift; path = Common/ImageFiltration.swift; sourceTree = "<group>"; };
		D255CAD71F63A7E1006DE573 /* ImageOperations.swift */ = {isa = PBXFileReference; fileEncoding = 4; lastKnownFileType = sourcecode.swift; name = ImageOperations.swift; path = Common/ImageOperations.swift; sourceTree = "<group>"; };
		D255CAD81F63A7E1006DE573 /* SCRegular.swift */ = {isa = PBXFileReference; fileEncoding = 4; lastKnownFileType = sourcecode.swift; name = SCRegular.swift; path = Common/SCRegular.swift; sourceTree = "<group>"; };
		D255CAD91F63A7E1006DE573 /* Utils.swift */ = {isa = PBXFileReference; fileEncoding = 4; lastKnownFileType = sourcecode.swift; name = Utils.swift; path = Common/Utils.swift; sourceTree = "<group>"; };
		D255CAE01F63A83E006DE573 /* CJVideoPlayer.h */ = {isa = PBXFileReference; fileEncoding = 4; lastKnownFileType = sourcecode.c.h; path = CJVideoPlayer.h; sourceTree = "<group>"; };
		D255CAE11F63A83E006DE573 /* CJVideoPlayer.m */ = {isa = PBXFileReference; fileEncoding = 4; lastKnownFileType = sourcecode.c.objc; path = CJVideoPlayer.m; sourceTree = "<group>"; };
		D255CAE21F63A83E006DE573 /* ImageResources.bundle */ = {isa = PBXFileReference; lastKnownFileType = "wrapper.plug-in"; path = ImageResources.bundle; sourceTree = "<group>"; };
		D255CAE41F63A83E006DE573 /* CJSlider.h */ = {isa = PBXFileReference; fileEncoding = 4; lastKnownFileType = sourcecode.c.h; path = CJSlider.h; sourceTree = "<group>"; };
		D255CAE51F63A83E006DE573 /* CJSlider.m */ = {isa = PBXFileReference; fileEncoding = 4; lastKnownFileType = sourcecode.c.objc; path = CJSlider.m; sourceTree = "<group>"; };
		D255CAEC1F63ABB4006DE573 /* GaoXiao-Bridging-Header.h */ = {isa = PBXFileReference; lastKnownFileType = sourcecode.c.h; path = "GaoXiao-Bridging-Header.h"; sourceTree = "<group>"; };
		D255CAEE1F63ACB3006DE573 /* Info.plist */ = {isa = PBXFileReference; fileEncoding = 4; lastKnownFileType = text.plist.xml; path = Info.plist; sourceTree = "<group>"; };
		D255CAEF1F63ACB3006DE573 /* MASCompositeConstraint.h */ = {isa = PBXFileReference; fileEncoding = 4; lastKnownFileType = sourcecode.c.h; path = MASCompositeConstraint.h; sourceTree = "<group>"; };
		D255CAF01F63ACB3006DE573 /* MASCompositeConstraint.m */ = {isa = PBXFileReference; fileEncoding = 4; lastKnownFileType = sourcecode.c.objc; path = MASCompositeConstraint.m; sourceTree = "<group>"; };
		D255CAF11F63ACB3006DE573 /* MASConstraint+Private.h */ = {isa = PBXFileReference; fileEncoding = 4; lastKnownFileType = sourcecode.c.h; path = "MASConstraint+Private.h"; sourceTree = "<group>"; };
		D255CAF21F63ACB3006DE573 /* MASConstraint.h */ = {isa = PBXFileReference; fileEncoding = 4; lastKnownFileType = sourcecode.c.h; path = MASConstraint.h; sourceTree = "<group>"; };
		D255CAF31F63ACB3006DE573 /* MASConstraint.m */ = {isa = PBXFileReference; fileEncoding = 4; lastKnownFileType = sourcecode.c.objc; path = MASConstraint.m; sourceTree = "<group>"; };
		D255CAF41F63ACB3006DE573 /* MASConstraintMaker.h */ = {isa = PBXFileReference; fileEncoding = 4; lastKnownFileType = sourcecode.c.h; path = MASConstraintMaker.h; sourceTree = "<group>"; };
		D255CAF51F63ACB3006DE573 /* MASConstraintMaker.m */ = {isa = PBXFileReference; fileEncoding = 4; lastKnownFileType = sourcecode.c.objc; path = MASConstraintMaker.m; sourceTree = "<group>"; };
		D255CAF61F63ACB3006DE573 /* MASLayoutConstraint.h */ = {isa = PBXFileReference; fileEncoding = 4; lastKnownFileType = sourcecode.c.h; path = MASLayoutConstraint.h; sourceTree = "<group>"; };
		D255CAF71F63ACB3006DE573 /* MASLayoutConstraint.m */ = {isa = PBXFileReference; fileEncoding = 4; lastKnownFileType = sourcecode.c.objc; path = MASLayoutConstraint.m; sourceTree = "<group>"; };
		D255CAF81F63ACB3006DE573 /* Masonry.h */ = {isa = PBXFileReference; fileEncoding = 4; lastKnownFileType = sourcecode.c.h; path = Masonry.h; sourceTree = "<group>"; };
		D255CAF91F63ACB3006DE573 /* MASUtilities.h */ = {isa = PBXFileReference; fileEncoding = 4; lastKnownFileType = sourcecode.c.h; path = MASUtilities.h; sourceTree = "<group>"; };
		D255CAFA1F63ACB3006DE573 /* MASViewAttribute.h */ = {isa = PBXFileReference; fileEncoding = 4; lastKnownFileType = sourcecode.c.h; path = MASViewAttribute.h; sourceTree = "<group>"; };
		D255CAFB1F63ACB3006DE573 /* MASViewAttribute.m */ = {isa = PBXFileReference; fileEncoding = 4; lastKnownFileType = sourcecode.c.objc; path = MASViewAttribute.m; sourceTree = "<group>"; };
		D255CAFC1F63ACB3006DE573 /* MASViewConstraint.h */ = {isa = PBXFileReference; fileEncoding = 4; lastKnownFileType = sourcecode.c.h; path = MASViewConstraint.h; sourceTree = "<group>"; };
		D255CAFD1F63ACB3006DE573 /* MASViewConstraint.m */ = {isa = PBXFileReference; fileEncoding = 4; lastKnownFileType = sourcecode.c.objc; path = MASViewConstraint.m; sourceTree = "<group>"; };
		D255CAFE1F63ACB3006DE573 /* NSArray+MASAdditions.h */ = {isa = PBXFileReference; fileEncoding = 4; lastKnownFileType = sourcecode.c.h; path = "NSArray+MASAdditions.h"; sourceTree = "<group>"; };
		D255CAFF1F63ACB3006DE573 /* NSArray+MASAdditions.m */ = {isa = PBXFileReference; fileEncoding = 4; lastKnownFileType = sourcecode.c.objc; path = "NSArray+MASAdditions.m"; sourceTree = "<group>"; };
		D255CB001F63ACB4006DE573 /* NSArray+MASShorthandAdditions.h */ = {isa = PBXFileReference; fileEncoding = 4; lastKnownFileType = sourcecode.c.h; path = "NSArray+MASShorthandAdditions.h"; sourceTree = "<group>"; };
		D255CB011F63ACB4006DE573 /* NSLayoutConstraint+MASDebugAdditions.h */ = {isa = PBXFileReference; fileEncoding = 4; lastKnownFileType = sourcecode.c.h; path = "NSLayoutConstraint+MASDebugAdditions.h"; sourceTree = "<group>"; };
		D255CB021F63ACB4006DE573 /* NSLayoutConstraint+MASDebugAdditions.m */ = {isa = PBXFileReference; fileEncoding = 4; lastKnownFileType = sourcecode.c.objc; path = "NSLayoutConstraint+MASDebugAdditions.m"; sourceTree = "<group>"; };
		D255CB031F63ACB4006DE573 /* View+MASAdditions.h */ = {isa = PBXFileReference; fileEncoding = 4; lastKnownFileType = sourcecode.c.h; path = "View+MASAdditions.h"; sourceTree = "<group>"; };
		D255CB041F63ACB4006DE573 /* View+MASAdditions.m */ = {isa = PBXFileReference; fileEncoding = 4; lastKnownFileType = sourcecode.c.objc; path = "View+MASAdditions.m"; sourceTree = "<group>"; };
		D255CB051F63ACB4006DE573 /* View+MASShorthandAdditions.h */ = {isa = PBXFileReference; fileEncoding = 4; lastKnownFileType = sourcecode.c.h; path = "View+MASShorthandAdditions.h"; sourceTree = "<group>"; };
		D255CB061F63ACB4006DE573 /* ViewController+MASAdditions.h */ = {isa = PBXFileReference; fileEncoding = 4; lastKnownFileType = sourcecode.c.h; path = "ViewController+MASAdditions.h"; sourceTree = "<group>"; };
		D255CB071F63ACB4006DE573 /* ViewController+MASAdditions.m */ = {isa = PBXFileReference; fileEncoding = 4; lastKnownFileType = sourcecode.c.objc; path = "ViewController+MASAdditions.m"; sourceTree = "<group>"; };
		D255CB141F63BB3A006DE573 /* NSData+ImageContentType.h */ = {isa = PBXFileReference; fileEncoding = 4; lastKnownFileType = sourcecode.c.h; path = "NSData+ImageContentType.h"; sourceTree = "<group>"; };
		D255CB151F63BB3A006DE573 /* NSData+ImageContentType.m */ = {isa = PBXFileReference; fileEncoding = 4; lastKnownFileType = sourcecode.c.objc; path = "NSData+ImageContentType.m"; sourceTree = "<group>"; };
		D255CB161F63BB3A006DE573 /* SDImageCache.h */ = {isa = PBXFileReference; fileEncoding = 4; lastKnownFileType = sourcecode.c.h; path = SDImageCache.h; sourceTree = "<group>"; };
		D255CB171F63BB3A006DE573 /* SDImageCache.m */ = {isa = PBXFileReference; fileEncoding = 4; lastKnownFileType = sourcecode.c.objc; path = SDImageCache.m; sourceTree = "<group>"; };
		D255CB181F63BB3A006DE573 /* SDWebImageCompat.h */ = {isa = PBXFileReference; fileEncoding = 4; lastKnownFileType = sourcecode.c.h; path = SDWebImageCompat.h; sourceTree = "<group>"; };
		D255CB191F63BB3A006DE573 /* SDWebImageCompat.m */ = {isa = PBXFileReference; fileEncoding = 4; lastKnownFileType = sourcecode.c.objc; path = SDWebImageCompat.m; sourceTree = "<group>"; };
		D255CB1A1F63BB3A006DE573 /* SDWebImageDecoder.h */ = {isa = PBXFileReference; fileEncoding = 4; lastKnownFileType = sourcecode.c.h; path = SDWebImageDecoder.h; sourceTree = "<group>"; };
		D255CB1B1F63BB3A006DE573 /* SDWebImageDecoder.m */ = {isa = PBXFileReference; fileEncoding = 4; lastKnownFileType = sourcecode.c.objc; path = SDWebImageDecoder.m; sourceTree = "<group>"; };
		D255CB1C1F63BB3A006DE573 /* SDWebImageDownloader.h */ = {isa = PBXFileReference; fileEncoding = 4; lastKnownFileType = sourcecode.c.h; path = SDWebImageDownloader.h; sourceTree = "<group>"; };
		D255CB1D1F63BB3A006DE573 /* SDWebImageDownloader.m */ = {isa = PBXFileReference; fileEncoding = 4; lastKnownFileType = sourcecode.c.objc; path = SDWebImageDownloader.m; sourceTree = "<group>"; };
		D255CB1E1F63BB3A006DE573 /* SDWebImageDownloaderOperation.h */ = {isa = PBXFileReference; fileEncoding = 4; lastKnownFileType = sourcecode.c.h; path = SDWebImageDownloaderOperation.h; sourceTree = "<group>"; };
		D255CB1F1F63BB3A006DE573 /* SDWebImageDownloaderOperation.m */ = {isa = PBXFileReference; fileEncoding = 4; lastKnownFileType = sourcecode.c.objc; path = SDWebImageDownloaderOperation.m; sourceTree = "<group>"; };
		D255CB201F63BB3A006DE573 /* SDWebImageManager.h */ = {isa = PBXFileReference; fileEncoding = 4; lastKnownFileType = sourcecode.c.h; path = SDWebImageManager.h; sourceTree = "<group>"; };
		D255CB211F63BB3A006DE573 /* SDWebImageManager.m */ = {isa = PBXFileReference; fileEncoding = 4; lastKnownFileType = sourcecode.c.objc; path = SDWebImageManager.m; sourceTree = "<group>"; };
		D255CB221F63BB3A006DE573 /* SDWebImageOperation.h */ = {isa = PBXFileReference; fileEncoding = 4; lastKnownFileType = sourcecode.c.h; path = SDWebImageOperation.h; sourceTree = "<group>"; };
		D255CB231F63BB3A006DE573 /* SDWebImagePrefetcher.h */ = {isa = PBXFileReference; fileEncoding = 4; lastKnownFileType = sourcecode.c.h; path = SDWebImagePrefetcher.h; sourceTree = "<group>"; };
		D255CB241F63BB3A006DE573 /* SDWebImagePrefetcher.m */ = {isa = PBXFileReference; fileEncoding = 4; lastKnownFileType = sourcecode.c.objc; path = SDWebImagePrefetcher.m; sourceTree = "<group>"; };
		D255CB251F63BB3A006DE573 /* UIButton+WebCache.h */ = {isa = PBXFileReference; fileEncoding = 4; lastKnownFileType = sourcecode.c.h; path = "UIButton+WebCache.h"; sourceTree = "<group>"; };
		D255CB261F63BB3A006DE573 /* UIButton+WebCache.m */ = {isa = PBXFileReference; fileEncoding = 4; lastKnownFileType = sourcecode.c.objc; path = "UIButton+WebCache.m"; sourceTree = "<group>"; };
		D255CB271F63BB3A006DE573 /* UIImage+GIF.h */ = {isa = PBXFileReference; fileEncoding = 4; lastKnownFileType = sourcecode.c.h; path = "UIImage+GIF.h"; sourceTree = "<group>"; };
		D255CB281F63BB3A006DE573 /* UIImage+GIF.m */ = {isa = PBXFileReference; fileEncoding = 4; lastKnownFileType = sourcecode.c.objc; path = "UIImage+GIF.m"; sourceTree = "<group>"; };
		D255CB291F63BB3A006DE573 /* UIImage+MultiFormat.h */ = {isa = PBXFileReference; fileEncoding = 4; lastKnownFileType = sourcecode.c.h; path = "UIImage+MultiFormat.h"; sourceTree = "<group>"; };
		D255CB2A1F63BB3A006DE573 /* UIImage+MultiFormat.m */ = {isa = PBXFileReference; fileEncoding = 4; lastKnownFileType = sourcecode.c.objc; path = "UIImage+MultiFormat.m"; sourceTree = "<group>"; };
		D255CB2B1F63BB3A006DE573 /* UIImageView+HighlightedWebCache.h */ = {isa = PBXFileReference; fileEncoding = 4; lastKnownFileType = sourcecode.c.h; path = "UIImageView+HighlightedWebCache.h"; sourceTree = "<group>"; };
		D255CB2C1F63BB3A006DE573 /* UIImageView+HighlightedWebCache.m */ = {isa = PBXFileReference; fileEncoding = 4; lastKnownFileType = sourcecode.c.objc; path = "UIImageView+HighlightedWebCache.m"; sourceTree = "<group>"; };
		D255CB2D1F63BB3A006DE573 /* UIImageView+WebCache.h */ = {isa = PBXFileReference; fileEncoding = 4; lastKnownFileType = sourcecode.c.h; path = "UIImageView+WebCache.h"; sourceTree = "<group>"; };
		D255CB2E1F63BB3A006DE573 /* UIImageView+WebCache.m */ = {isa = PBXFileReference; fileEncoding = 4; lastKnownFileType = sourcecode.c.objc; path = "UIImageView+WebCache.m"; sourceTree = "<group>"; };
		D255CB2F1F63BB3A006DE573 /* UIView+WebCacheOperation.h */ = {isa = PBXFileReference; fileEncoding = 4; lastKnownFileType = sourcecode.c.h; path = "UIView+WebCacheOperation.h"; sourceTree = "<group>"; };
		D255CB301F63BB3A006DE573 /* UIView+WebCacheOperation.m */ = {isa = PBXFileReference; fileEncoding = 4; lastKnownFileType = sourcecode.c.objc; path = "UIView+WebCacheOperation.m"; sourceTree = "<group>"; };
		D255CB3F1F63BCF1006DE573 /* default.png */ = {isa = PBXFileReference; lastKnownFileType = image.png; path = default.png; sourceTree = "<group>"; };
		D256EA791F63CE28009B4329 /* LastListTableViewController.swift */ = {isa = PBXFileReference; fileEncoding = 4; lastKnownFileType = sourcecode.swift; name = LastListTableViewController.swift; path = Controllers/LastListTableViewController.swift; sourceTree = "<group>"; };
		D291C9AC1F3D5752008B3D94 /* GaoXiao.app */ = {isa = PBXFileReference; explicitFileType = wrapper.application; includeInIndex = 0; path = GaoXiao.app; sourceTree = BUILT_PRODUCTS_DIR; };
		D291C9AF1F3D5753008B3D94 /* AppDelegate.swift */ = {isa = PBXFileReference; lastKnownFileType = sourcecode.swift; path = AppDelegate.swift; sourceTree = "<group>"; };
		D291C9B41F3D5753008B3D94 /* Base */ = {isa = PBXFileReference; lastKnownFileType = file.storyboard; name = Base; path = Base.lproj/Main.storyboard; sourceTree = "<group>"; };
		D291C9B61F3D5753008B3D94 /* Assets.xcassets */ = {isa = PBXFileReference; lastKnownFileType = folder.assetcatalog; path = Assets.xcassets; sourceTree = "<group>"; };
		D291C9B91F3D5753008B3D94 /* Base */ = {isa = PBXFileReference; lastKnownFileType = file.storyboard; name = Base; path = Base.lproj/LaunchScreen.storyboard; sourceTree = "<group>"; };
		D291C9BB1F3D5753008B3D94 /* Info.plist */ = {isa = PBXFileReference; lastKnownFileType = text.plist.xml; path = Info.plist; sourceTree = "<group>"; };
		D291C9C81F3D5D9A008B3D94 /* GuideViewController.swift */ = {isa = PBXFileReference; fileEncoding = 4; lastKnownFileType = sourcecode.swift; name = GuideViewController.swift; path = Controllers/GuideViewController.swift; sourceTree = "<group>"; };
		D291C9CA1F3D68F5008B3D94 /* MainViewController.swift */ = {isa = PBXFileReference; fileEncoding = 4; lastKnownFileType = sourcecode.swift; name = MainViewController.swift; path = Controllers/MainViewController.swift; sourceTree = "<group>"; };
		D291C9CC1F3D6DE5008B3D94 /* Article.swift */ = {isa = PBXFileReference; fileEncoding = 4; lastKnownFileType = sourcecode.swift; name = Article.swift; path = Models/Article.swift; sourceTree = "<group>"; };
		D291C9CD1F3D6DE5008B3D94 /* ArticleRecord.swift */ = {isa = PBXFileReference; fileEncoding = 4; lastKnownFileType = sourcecode.swift; name = ArticleRecord.swift; path = Models/ArticleRecord.swift; sourceTree = "<group>"; };
		D291C9CE1F3D6DE5008B3D94 /* Category.swift */ = {isa = PBXFileReference; fileEncoding = 4; lastKnownFileType = sourcecode.swift; name = Category.swift; path = Models/Category.swift; sourceTree = "<group>"; };
		D291C9D41F3D6E64008B3D94 /* RekuuServices.swift */ = {isa = PBXFileReference; fileEncoding = 4; lastKnownFileType = sourcecode.swift; name = RekuuServices.swift; path = NetServices/RekuuServices.swift; sourceTree = "<group>"; };
		D291CA381F62FD50008B3D94 /* AppInfoModel.swift */ = {isa = PBXFileReference; fileEncoding = 4; lastKnownFileType = sourcecode.swift; path = AppInfoModel.swift; sourceTree = "<group>"; };
		D291CA391F62FD50008B3D94 /* CheckVersionMgr.swift */ = {isa = PBXFileReference; fileEncoding = 4; lastKnownFileType = sourcecode.swift; path = CheckVersionMgr.swift; sourceTree = "<group>"; };
		D291CA3C1F630B26008B3D94 /* LastList.storyboard */ = {isa = PBXFileReference; fileEncoding = 4; lastKnownFileType = file.storyboard; name = LastList.storyboard; path = Storyboards/LastList.storyboard; sourceTree = "<group>"; };
		D291CA3E1F630B53008B3D94 /* About.storyboard */ = {isa = PBXFileReference; fileEncoding = 4; lastKnownFileType = file.storyboard; name = About.storyboard; path = Storyboards/About.storyboard; sourceTree = "<group>"; };
		D291CA401F630B87008B3D94 /* HotList.storyboard */ = {isa = PBXFileReference; fileEncoding = 4; lastKnownFileType = file.storyboard; name = HotList.storyboard; path = Storyboards/HotList.storyboard; sourceTree = "<group>"; };
		D291CA421F630BC7008B3D94 /* CategoryList.storyboard */ = {isa = PBXFileReference; fileEncoding = 4; lastKnownFileType = file.storyboard; name = CategoryList.storyboard; path = Storyboards/CategoryList.storyboard; sourceTree = "<group>"; };
		D291CA441F631D4B008B3D94 /* LastListViewController.swift */ = {isa = PBXFileReference; fileEncoding = 4; lastKnownFileType = sourcecode.swift; name = LastListViewController.swift; path = Controllers/LastListViewController.swift; sourceTree = "<group>"; };
		D291CA461F631D69008B3D94 /* CategoryListViewController.swift */ = {isa = PBXFileReference; fileEncoding = 4; lastKnownFileType = sourcecode.swift; name = CategoryListViewController.swift; path = Controllers/CategoryListViewController.swift; sourceTree = "<group>"; };
		D291CA481F631D81008B3D94 /* CategoryListTableViewController.swift */ = {isa = PBXFileReference; fileEncoding = 4; lastKnownFileType = sourcecode.swift; name = CategoryListTableViewController.swift; path = Controllers/CategoryListTableViewController.swift; sourceTree = "<group>"; };
		D291CA4A1F631D96008B3D94 /* AboutViewController.swift */ = {isa = PBXFileReference; fileEncoding = 4; lastKnownFileType = sourcecode.swift; name = AboutViewController.swift; path = Controllers/AboutViewController.swift; sourceTree = "<group>"; };
		D291CA4C1F631F20008B3D94 /* GifCell.swift */ = {isa = PBXFileReference; fileEncoding = 4; lastKnownFileType = sourcecode.swift; name = GifCell.swift; path = Views/GifCell.swift; sourceTree = "<group>"; };
		D291CA4D1F631F20008B3D94 /* ImgCell.swift */ = {isa = PBXFileReference; fileEncoding = 4; lastKnownFileType = sourcecode.swift; name = ImgCell.swift; path = Views/ImgCell.swift; sourceTree = "<group>"; };
		D291CA4E1F631F20008B3D94 /* TextCell.swift */ = {isa = PBXFileReference; fileEncoding = 4; lastKnownFileType = sourcecode.swift; name = TextCell.swift; path = Views/TextCell.swift; sourceTree = "<group>"; };
		D291CA4F1F631F20008B3D94 /* VideoCell.swift */ = {isa = PBXFileReference; fileEncoding = 4; lastKnownFileType = sourcecode.swift; name = VideoCell.swift; path = Views/VideoCell.swift; sourceTree = "<group>"; };
		D29B5C011F679A6500FDA74B /* NativeExpressAd.xib */ = {isa = PBXFileReference; fileEncoding = 4; lastKnownFileType = file.xib; path = NativeExpressAd.xib; sourceTree = "<group>"; };
/* End PBXFileReference section */

/* Begin PBXFrameworksBuildPhase section */
		D291C9A91F3D5752008B3D94 /* Frameworks */ = {
			isa = PBXFrameworksBuildPhase;
			buildActionMask = 2147483647;
			files = (
				4A5FD9B65E05CA772814FF88 /* Pods_GaoXiao.framework in Frameworks */,
			);
			runOnlyForDeploymentPostprocessing = 0;
		};
/* End PBXFrameworksBuildPhase section */

/* Begin PBXGroup section */
		0D1A8F3687E2B8B145FA7354 /* Pods */ = {
			isa = PBXGroup;
			children = (
				04C31A6281BEE197C5B0DB86 /* Pods-GaoXiao.debug.xcconfig */,
				62C0A59BEDCF73EA504877D9 /* Pods-GaoXiao.release.xcconfig */,
			);
			name = Pods;
			sourceTree = "<group>";
		};
		8271665DC6FD865060E89743 /* Frameworks */ = {
			isa = PBXGroup;
			children = (
				1465DDC615306C74BC62620F /* Pods_GaoXiao.framework */,
			);
			name = Frameworks;
			sourceTree = "<group>";
		};
		D255CADF1F63A83E006DE573 /* VideoPlayer */ = {
			isa = PBXGroup;
			children = (
				D255CAE01F63A83E006DE573 /* CJVideoPlayer.h */,
				D255CAE11F63A83E006DE573 /* CJVideoPlayer.m */,
				D255CAE21F63A83E006DE573 /* ImageResources.bundle */,
				D255CAE31F63A83E006DE573 /* Slider */,
			);
			name = VideoPlayer;
			path = ThirdSDK/VideoPlayer;
			sourceTree = "<group>";
		};
		D255CAE31F63A83E006DE573 /* Slider */ = {
			isa = PBXGroup;
			children = (
				D255CAE41F63A83E006DE573 /* CJSlider.h */,
				D255CAE51F63A83E006DE573 /* CJSlider.m */,
			);
			path = Slider;
			sourceTree = "<group>";
		};
		D255CAED1F63ACB3006DE573 /* Masonry */ = {
			isa = PBXGroup;
			children = (
				D255CAEE1F63ACB3006DE573 /* Info.plist */,
				D255CAEF1F63ACB3006DE573 /* MASCompositeConstraint.h */,
				D255CAF01F63ACB3006DE573 /* MASCompositeConstraint.m */,
				D255CAF11F63ACB3006DE573 /* MASConstraint+Private.h */,
				D255CAF21F63ACB3006DE573 /* MASConstraint.h */,
				D255CAF31F63ACB3006DE573 /* MASConstraint.m */,
				D255CAF41F63ACB3006DE573 /* MASConstraintMaker.h */,
				D255CAF51F63ACB3006DE573 /* MASConstraintMaker.m */,
				D255CAF61F63ACB3006DE573 /* MASLayoutConstraint.h */,
				D255CAF71F63ACB3006DE573 /* MASLayoutConstraint.m */,
				D255CAF81F63ACB3006DE573 /* Masonry.h */,
				D255CAF91F63ACB3006DE573 /* MASUtilities.h */,
				D255CAFA1F63ACB3006DE573 /* MASViewAttribute.h */,
				D255CAFB1F63ACB3006DE573 /* MASViewAttribute.m */,
				D255CAFC1F63ACB3006DE573 /* MASViewConstraint.h */,
				D255CAFD1F63ACB3006DE573 /* MASViewConstraint.m */,
				D255CAFE1F63ACB3006DE573 /* NSArray+MASAdditions.h */,
				D255CAFF1F63ACB3006DE573 /* NSArray+MASAdditions.m */,
				D255CB001F63ACB4006DE573 /* NSArray+MASShorthandAdditions.h */,
				D255CB011F63ACB4006DE573 /* NSLayoutConstraint+MASDebugAdditions.h */,
				D255CB021F63ACB4006DE573 /* NSLayoutConstraint+MASDebugAdditions.m */,
				D255CB031F63ACB4006DE573 /* View+MASAdditions.h */,
				D255CB041F63ACB4006DE573 /* View+MASAdditions.m */,
				D255CB051F63ACB4006DE573 /* View+MASShorthandAdditions.h */,
				D255CB061F63ACB4006DE573 /* ViewController+MASAdditions.h */,
				D255CB071F63ACB4006DE573 /* ViewController+MASAdditions.m */,
			);
			name = Masonry;
			path = ThirdSDK/Masonry;
			sourceTree = "<group>";
		};
		D255CB131F63BB3A006DE573 /* SDWebImage */ = {
			isa = PBXGroup;
			children = (
				D255CB141F63BB3A006DE573 /* NSData+ImageContentType.h */,
				D255CB151F63BB3A006DE573 /* NSData+ImageContentType.m */,
				D255CB161F63BB3A006DE573 /* SDImageCache.h */,
				D255CB171F63BB3A006DE573 /* SDImageCache.m */,
				D255CB181F63BB3A006DE573 /* SDWebImageCompat.h */,
				D255CB191F63BB3A006DE573 /* SDWebImageCompat.m */,
				D255CB1A1F63BB3A006DE573 /* SDWebImageDecoder.h */,
				D255CB1B1F63BB3A006DE573 /* SDWebImageDecoder.m */,
				D255CB1C1F63BB3A006DE573 /* SDWebImageDownloader.h */,
				D255CB1D1F63BB3A006DE573 /* SDWebImageDownloader.m */,
				D255CB1E1F63BB3A006DE573 /* SDWebImageDownloaderOperation.h */,
				D255CB1F1F63BB3A006DE573 /* SDWebImageDownloaderOperation.m */,
				D255CB201F63BB3A006DE573 /* SDWebImageManager.h */,
				D255CB211F63BB3A006DE573 /* SDWebImageManager.m */,
				D255CB221F63BB3A006DE573 /* SDWebImageOperation.h */,
				D255CB231F63BB3A006DE573 /* SDWebImagePrefetcher.h */,
				D255CB241F63BB3A006DE573 /* SDWebImagePrefetcher.m */,
				D255CB251F63BB3A006DE573 /* UIButton+WebCache.h */,
				D255CB261F63BB3A006DE573 /* UIButton+WebCache.m */,
				D255CB271F63BB3A006DE573 /* UIImage+GIF.h */,
				D255CB281F63BB3A006DE573 /* UIImage+GIF.m */,
				D255CB291F63BB3A006DE573 /* UIImage+MultiFormat.h */,
				D255CB2A1F63BB3A006DE573 /* UIImage+MultiFormat.m */,
				D255CB2B1F63BB3A006DE573 /* UIImageView+HighlightedWebCache.h */,
				D255CB2C1F63BB3A006DE573 /* UIImageView+HighlightedWebCache.m */,
				D255CB2D1F63BB3A006DE573 /* UIImageView+WebCache.h */,
				D255CB2E1F63BB3A006DE573 /* UIImageView+WebCache.m */,
				D255CB2F1F63BB3A006DE573 /* UIView+WebCacheOperation.h */,
				D255CB301F63BB3A006DE573 /* UIView+WebCacheOperation.m */,
			);
			name = SDWebImage;
			path = ThirdSDK/SDWebImage;
			sourceTree = "<group>";
		};
		D291C9A31F3D5752008B3D94 = {
			isa = PBXGroup;
			children = (
				D291C9AE1F3D5752008B3D94 /* GaoXiao */,
				D291C9AD1F3D5752008B3D94 /* Products */,
				0D1A8F3687E2B8B145FA7354 /* Pods */,
				8271665DC6FD865060E89743 /* Frameworks */,
			);
			sourceTree = "<group>";
		};
		D291C9AD1F3D5752008B3D94 /* Products */ = {
			isa = PBXGroup;
			children = (
				D291C9AC1F3D5752008B3D94 /* GaoXiao.app */,
			);
			name = Products;
			sourceTree = "<group>";
		};
		D291C9AE1F3D5752008B3D94 /* GaoXiao */ = {
			isa = PBXGroup;
			children = (
				D29B5C001F679A6500FDA74B /* Ads */,
				D291C9C71F3D5AAD008B3D94 /* Common */,
				D291C9C61F3D5A90008B3D94 /* Storyboards */,
				D291C9C51F3D5A81008B3D94 /* Controllers */,
				D291C9C41F3D5A76008B3D94 /* Models */,
				D291C9C31F3D5A69008B3D94 /* NetServices */,
				D291C9C21F3D5A4B008B3D94 /* ThirdSDK */,
				D291C9C11F3D5A37008B3D94 /* Views */,
				D291C9AF1F3D5753008B3D94 /* AppDelegate.swift */,
				D291C9B31F3D5753008B3D94 /* Main.storyboard */,
				D291C9B61F3D5753008B3D94 /* Assets.xcassets */,
				D291C9B81F3D5753008B3D94 /* LaunchScreen.storyboard */,
				D291C9BB1F3D5753008B3D94 /* Info.plist */,
				D255CB3F1F63BCF1006DE573 /* default.png */,
				D255CAEC1F63ABB4006DE573 /* GaoXiao-Bridging-Header.h */,
			);
			path = GaoXiao;
			sourceTree = "<group>";
		};
		D291C9C11F3D5A37008B3D94 /* Views */ = {
			isa = PBXGroup;
			children = (
				D291CA4C1F631F20008B3D94 /* GifCell.swift */,
				D291CA4D1F631F20008B3D94 /* ImgCell.swift */,
				D291CA4E1F631F20008B3D94 /* TextCell.swift */,
				D291CA4F1F631F20008B3D94 /* VideoCell.swift */,
				D2263DE11F669E6600165F65 /* ADCell.swift */,
			);
			name = Views;
			sourceTree = "<group>";
		};
		D291C9C21F3D5A4B008B3D94 /* ThirdSDK */ = {
			isa = PBXGroup;
			children = (
				D255CB131F63BB3A006DE573 /* SDWebImage */,
				D255CAED1F63ACB3006DE573 /* Masonry */,
				D255CADF1F63A83E006DE573 /* VideoPlayer */,
				D291CA371F62FD50008B3D94 /* CheckVersion */,
			);
			name = ThirdSDK;
			sourceTree = "<group>";
		};
		D291C9C31F3D5A69008B3D94 /* NetServices */ = {
			isa = PBXGroup;
			children = (
				D291C9D41F3D6E64008B3D94 /* RekuuServices.swift */,
			);
			name = NetServices;
			sourceTree = "<group>";
		};
		D291C9C41F3D5A76008B3D94 /* Models */ = {
			isa = PBXGroup;
			children = (
				D291C9CC1F3D6DE5008B3D94 /* Article.swift */,
				D291C9CD1F3D6DE5008B3D94 /* ArticleRecord.swift */,
				D291C9CE1F3D6DE5008B3D94 /* Category.swift */,
			);
			name = Models;
			sourceTree = "<group>";
		};
		D291C9C51F3D5A81008B3D94 /* Controllers */ = {
			isa = PBXGroup;
			children = (
				D291C9C81F3D5D9A008B3D94 /* GuideViewController.swift */,
				D291C9CA1F3D68F5008B3D94 /* MainViewController.swift */,
				D291CA441F631D4B008B3D94 /* LastListViewController.swift */,
				D256EA791F63CE28009B4329 /* LastListTableViewController.swift */,
				D291CA461F631D69008B3D94 /* CategoryListViewController.swift */,
				D291CA481F631D81008B3D94 /* CategoryListTableViewController.swift */,
				D291CA4A1F631D96008B3D94 /* AboutViewController.swift */,
			);
			name = Controllers;
			sourceTree = "<group>";
		};
		D291C9C61F3D5A90008B3D94 /* Storyboards */ = {
			isa = PBXGroup;
			children = (
				D291CA3C1F630B26008B3D94 /* LastList.storyboard */,
				D291CA401F630B87008B3D94 /* HotList.storyboard */,
				D291CA421F630BC7008B3D94 /* CategoryList.storyboard */,
				D291CA3E1F630B53008B3D94 /* About.storyboard */,
			);
			name = Storyboards;
			sourceTree = "<group>";
		};
		D291C9C71F3D5AAD008B3D94 /* Common */ = {
			isa = PBXGroup;
			children = (
				D255CAD51F63A7E1006DE573 /* ImageDownloader.swift */,
				D255CAD61F63A7E1006DE573 /* ImageFiltration.swift */,
				D255CAD71F63A7E1006DE573 /* ImageOperations.swift */,
				D255CAD81F63A7E1006DE573 /* SCRegular.swift */,
				D255CAD91F63A7E1006DE573 /* Utils.swift */,
			);
			name = Common;
			sourceTree = "<group>";
		};
		D291CA371F62FD50008B3D94 /* CheckVersion */ = {
			isa = PBXGroup;
			children = (
				D291CA381F62FD50008B3D94 /* AppInfoModel.swift */,
				D291CA391F62FD50008B3D94 /* CheckVersionMgr.swift */,
			);
			name = CheckVersion;
			path = ThirdSDK/CheckVersion;
			sourceTree = "<group>";
		};
		D29B5C001F679A6500FDA74B /* Ads */ = {
			isa = PBXGroup;
			children = (
				D29B5C011F679A6500FDA74B /* NativeExpressAd.xib */,
			);
			path = Ads;
			sourceTree = "<group>";
		};
/* End PBXGroup section */

/* Begin PBXNativeTarget section */
		D291C9AB1F3D5752008B3D94 /* GaoXiao */ = {
			isa = PBXNativeTarget;
			buildConfigurationList = D291C9BE1F3D5753008B3D94 /* Build configuration list for PBXNativeTarget "GaoXiao" */;
			buildPhases = (
				FA21F68C65CBDA68F292114C /* [CP] Check Pods Manifest.lock */,
				D291C9A81F3D5752008B3D94 /* Sources */,
				D291C9A91F3D5752008B3D94 /* Frameworks */,
				D291C9AA1F3D5752008B3D94 /* Resources */,
				6190C9657A685641787414CE /* [CP] Embed Pods Frameworks */,
				22AEF4DD503C94904E1DD96F /* [CP] Copy Pods Resources */,
			);
			buildRules = (
			);
			dependencies = (
			);
			name = GaoXiao;
			productName = GaoXiao;
			productReference = D291C9AC1F3D5752008B3D94 /* GaoXiao.app */;
			productType = "com.apple.product-type.application";
		};
/* End PBXNativeTarget section */

/* Begin PBXProject section */
		D291C9A41F3D5752008B3D94 /* Project object */ = {
			isa = PBXProject;
			attributes = {
				LastSwiftUpdateCheck = 0830;
				LastUpgradeCheck = 0830;
				ORGANIZATIONNAME = rekuu;
				TargetAttributes = {
					D291C9AB1F3D5752008B3D94 = {
						CreatedOnToolsVersion = 8.3.3;
						DevelopmentTeam = ZYQ6U8J2X2;
						ProvisioningStyle = Automatic;
					};
				};
			};
			buildConfigurationList = D291C9A71F3D5752008B3D94 /* Build configuration list for PBXProject "GaoXiao" */;
			compatibilityVersion = "Xcode 3.2";
			developmentRegion = English;
			hasScannedForEncodings = 0;
			knownRegions = (
				en,
				Base,
			);
			mainGroup = D291C9A31F3D5752008B3D94;
			productRefGroup = D291C9AD1F3D5752008B3D94 /* Products */;
			projectDirPath = "";
			projectRoot = "";
			targets = (
				D291C9AB1F3D5752008B3D94 /* GaoXiao */,
			);
		};
/* End PBXProject section */

/* Begin PBXResourcesBuildPhase section */
		D291C9AA1F3D5752008B3D94 /* Resources */ = {
			isa = PBXResourcesBuildPhase;
			buildActionMask = 2147483647;
			files = (
				D291CA431F630BC7008B3D94 /* CategoryList.storyboard in Resources */,
				D291CA411F630B87008B3D94 /* HotList.storyboard in Resources */,
				D255CB081F63ACB4006DE573 /* Info.plist in Resources */,
				D291C9BA1F3D5753008B3D94 /* LaunchScreen.storyboard in Resources */,
				D255CAE71F63A83E006DE573 /* ImageResources.bundle in Resources */,
				D29B5C021F679A6500FDA74B /* NativeExpressAd.xib in Resources */,
				D291C9B71F3D5753008B3D94 /* Assets.xcassets in Resources */,
				D291CA3D1F630B26008B3D94 /* LastList.storyboard in Resources */,
				D291CA3F1F630B53008B3D94 /* About.storyboard in Resources */,
				D291C9B51F3D5753008B3D94 /* Main.storyboard in Resources */,
				D255CB411F63BCF1006DE573 /* default.png in Resources */,
			);
			runOnlyForDeploymentPostprocessing = 0;
		};
/* End PBXResourcesBuildPhase section */

/* Begin PBXShellScriptBuildPhase section */
		22AEF4DD503C94904E1DD96F /* [CP] Copy Pods Resources */ = {
			isa = PBXShellScriptBuildPhase;
			buildActionMask = 2147483647;
			files = (
			);
			inputPaths = (
			);
			name = "[CP] Copy Pods Resources";
			outputPaths = (
			);
			runOnlyForDeploymentPostprocessing = 0;
			shellPath = /bin/sh;
			shellScript = "\"${SRCROOT}/Pods/Target Support Files/Pods-GaoXiao/Pods-GaoXiao-resources.sh\"\n";
			showEnvVarsInLog = 0;
		};
		6190C9657A685641787414CE /* [CP] Embed Pods Frameworks */ = {
			isa = PBXShellScriptBuildPhase;
			buildActionMask = 2147483647;
			files = (
			);
			inputPaths = (
			);
			name = "[CP] Embed Pods Frameworks";
			outputPaths = (
			);
			runOnlyForDeploymentPostprocessing = 0;
			shellPath = /bin/sh;
			shellScript = "\"${SRCROOT}/Pods/Target Support Files/Pods-GaoXiao/Pods-GaoXiao-frameworks.sh\"\n";
			showEnvVarsInLog = 0;
		};
		FA21F68C65CBDA68F292114C /* [CP] Check Pods Manifest.lock */ = {
			isa = PBXShellScriptBuildPhase;
			buildActionMask = 2147483647;
			files = (
			);
			inputPaths = (
			);
			name = "[CP] Check Pods Manifest.lock";
			outputPaths = (
			);
			runOnlyForDeploymentPostprocessing = 0;
			shellPath = /bin/sh;
			shellScript = "diff \"${PODS_PODFILE_DIR_PATH}/Podfile.lock\" \"${PODS_ROOT}/Manifest.lock\" > /dev/null\nif [ $? != 0 ] ; then\n    # print error to STDERR\n    echo \"error: The sandbox is not in sync with the Podfile.lock. Run 'pod install' or update your CocoaPods installation.\" >&2\n    exit 1\nfi\n";
			showEnvVarsInLog = 0;
		};
/* End PBXShellScriptBuildPhase section */

/* Begin PBXSourcesBuildPhase section */
		D291C9A81F3D5752008B3D94 /* Sources */ = {
			isa = PBXSourcesBuildPhase;
			buildActionMask = 2147483647;
			files = (
				D255CB3C1F63BB3A006DE573 /* UIImageView+HighlightedWebCache.m in Sources */,
				D291C9D11F3D6DE5008B3D94 /* ArticleRecord.swift in Sources */,
				D256EA7A1F63CE28009B4329 /* LastListTableViewController.swift in Sources */,
				D291CA471F631D69008B3D94 /* CategoryListViewController.swift in Sources */,
				D255CB0D1F63ACB4006DE573 /* MASViewAttribute.m in Sources */,
				D255CB371F63BB3A006DE573 /* SDWebImageManager.m in Sources */,
				D255CB0F1F63ACB4006DE573 /* NSArray+MASAdditions.m in Sources */,
				D255CB3D1F63BB3A006DE573 /* UIImageView+WebCache.m in Sources */,
				D291CA501F631F20008B3D94 /* GifCell.swift in Sources */,
				D255CADB1F63A7E1006DE573 /* ImageFiltration.swift in Sources */,
				D255CB3B1F63BB3A006DE573 /* UIImage+MultiFormat.m in Sources */,
				D291CA3B1F62FD50008B3D94 /* CheckVersionMgr.swift in Sources */,
				D255CB351F63BB3A006DE573 /* SDWebImageDownloader.m in Sources */,
				D255CAE81F63A83E006DE573 /* CJSlider.m in Sources */,
				D291CA451F631D4B008B3D94 /* LastListViewController.swift in Sources */,
				D291CA511F631F20008B3D94 /* ImgCell.swift in Sources */,
				D255CADE1F63A7E1006DE573 /* Utils.swift in Sources */,
				D255CADD1F63A7E1006DE573 /* SCRegular.swift in Sources */,
				D255CB341F63BB3A006DE573 /* SDWebImageDecoder.m in Sources */,
				D255CB381F63BB3A006DE573 /* SDWebImagePrefetcher.m in Sources */,
				D291C9B01F3D5753008B3D94 /* AppDelegate.swift in Sources */,
				D291C9C91F3D5D9A008B3D94 /* GuideViewController.swift in Sources */,
				D255CB0A1F63ACB4006DE573 /* MASConstraint.m in Sources */,
				D291CA531F631F20008B3D94 /* VideoCell.swift in Sources */,
				D255CB0E1F63ACB4006DE573 /* MASViewConstraint.m in Sources */,
				D255CB111F63ACB4006DE573 /* View+MASAdditions.m in Sources */,
				D255CB3A1F63BB3A006DE573 /* UIImage+GIF.m in Sources */,
				D255CB0B1F63ACB4006DE573 /* MASConstraintMaker.m in Sources */,
				D255CB321F63BB3A006DE573 /* SDImageCache.m in Sources */,
				D255CB3E1F63BB3A006DE573 /* UIView+WebCacheOperation.m in Sources */,
				D2263DE21F669E6600165F65 /* ADCell.swift in Sources */,
				D291C9CB1F3D68F5008B3D94 /* MainViewController.swift in Sources */,
				D255CB091F63ACB4006DE573 /* MASCompositeConstraint.m in Sources */,
				D291C9D01F3D6DE5008B3D94 /* Article.swift in Sources */,
				D291CA491F631D81008B3D94 /* CategoryListTableViewController.swift in Sources */,
				D255CB361F63BB3A006DE573 /* SDWebImageDownloaderOperation.m in Sources */,
				D291C9D51F3D6E64008B3D94 /* RekuuServices.swift in Sources */,
				D255CB101F63ACB4006DE573 /* NSLayoutConstraint+MASDebugAdditions.m in Sources */,
				D255CB331F63BB3A006DE573 /* SDWebImageCompat.m in Sources */,
				D255CB311F63BB3A006DE573 /* NSData+ImageContentType.m in Sources */,
				D255CAE61F63A83E006DE573 /* CJVideoPlayer.m in Sources */,
				D291CA3A1F62FD50008B3D94 /* AppInfoModel.swift in Sources */,
				D291CA4B1F631D96008B3D94 /* AboutViewController.swift in Sources */,
				D255CB391F63BB3A006DE573 /* UIButton+WebCache.m in Sources */,
				D291CA521F631F20008B3D94 /* TextCell.swift in Sources */,
				D255CB0C1F63ACB4006DE573 /* MASLayoutConstraint.m in Sources */,
				D255CADA1F63A7E1006DE573 /* ImageDownloader.swift in Sources */,
				D291C9D21F3D6DE5008B3D94 /* Category.swift in Sources */,
				D255CB121F63ACB4006DE573 /* ViewController+MASAdditions.m in Sources */,
				D255CADC1F63A7E1006DE573 /* ImageOperations.swift in Sources */,
			);
			runOnlyForDeploymentPostprocessing = 0;
		};
/* End PBXSourcesBuildPhase section */

/* Begin PBXVariantGroup section */
		D291C9B31F3D5753008B3D94 /* Main.storyboard */ = {
			isa = PBXVariantGroup;
			children = (
				D291C9B41F3D5753008B3D94 /* Base */,
			);
			name = Main.storyboard;
			sourceTree = "<group>";
		};
		D291C9B81F3D5753008B3D94 /* LaunchScreen.storyboard */ = {
			isa = PBXVariantGroup;
			children = (
				D291C9B91F3D5753008B3D94 /* Base */,
			);
			name = LaunchScreen.storyboard;
			sourceTree = "<group>";
		};
/* End PBXVariantGroup section */

/* Begin XCBuildConfiguration section */
		D291C9BC1F3D5753008B3D94 /* Debug */ = {
			isa = XCBuildConfiguration;
			buildSettings = {
				ALWAYS_SEARCH_USER_PATHS = NO;
				CLANG_ANALYZER_NONNULL = YES;
				CLANG_ANALYZER_NUMBER_OBJECT_CONVERSION = YES_AGGRESSIVE;
				CLANG_CXX_LANGUAGE_STANDARD = "gnu++0x";
				CLANG_CXX_LIBRARY = "libc++";
				CLANG_ENABLE_MODULES = YES;
				CLANG_ENABLE_OBJC_ARC = YES;
				CLANG_WARN_BOOL_CONVERSION = YES;
				CLANG_WARN_CONSTANT_CONVERSION = YES;
				CLANG_WARN_DIRECT_OBJC_ISA_USAGE = YES_ERROR;
				CLANG_WARN_DOCUMENTATION_COMMENTS = YES;
				CLANG_WARN_EMPTY_BODY = YES;
				CLANG_WARN_ENUM_CONVERSION = YES;
				CLANG_WARN_INFINITE_RECURSION = YES;
				CLANG_WARN_INT_CONVERSION = YES;
				CLANG_WARN_OBJC_ROOT_CLASS = YES_ERROR;
				CLANG_WARN_SUSPICIOUS_MOVE = YES;
				CLANG_WARN_UNREACHABLE_CODE = YES;
				CLANG_WARN__DUPLICATE_METHOD_MATCH = YES;
				"CODE_SIGN_IDENTITY[sdk=iphoneos*]" = "iPhone Developer";
				COPY_PHASE_STRIP = NO;
				DEBUG_INFORMATION_FORMAT = dwarf;
				ENABLE_STRICT_OBJC_MSGSEND = YES;
				ENABLE_TESTABILITY = YES;
				GCC_C_LANGUAGE_STANDARD = gnu99;
				GCC_DYNAMIC_NO_PIC = NO;
				GCC_NO_COMMON_BLOCKS = YES;
				GCC_OPTIMIZATION_LEVEL = 0;
				GCC_PREPROCESSOR_DEFINITIONS = (
					"DEBUG=1",
					"$(inherited)",
				);
				GCC_WARN_64_TO_32_BIT_CONVERSION = YES;
				GCC_WARN_ABOUT_RETURN_TYPE = YES_ERROR;
				GCC_WARN_UNDECLARED_SELECTOR = YES;
				GCC_WARN_UNINITIALIZED_AUTOS = YES_AGGRESSIVE;
				GCC_WARN_UNUSED_FUNCTION = YES;
				GCC_WARN_UNUSED_VARIABLE = YES;
				IPHONEOS_DEPLOYMENT_TARGET = 10.3;
				MTL_ENABLE_DEBUG_INFO = YES;
				ONLY_ACTIVE_ARCH = YES;
				SDKROOT = iphoneos;
				SWIFT_ACTIVE_COMPILATION_CONDITIONS = DEBUG;
				SWIFT_OPTIMIZATION_LEVEL = "-Onone";
				TARGETED_DEVICE_FAMILY = "1,2";
			};
			name = Debug;
		};
		D291C9BD1F3D5753008B3D94 /* Release */ = {
			isa = XCBuildConfiguration;
			buildSettings = {
				ALWAYS_SEARCH_USER_PATHS = NO;
				CLANG_ANALYZER_NONNULL = YES;
				CLANG_ANALYZER_NUMBER_OBJECT_CONVERSION = YES_AGGRESSIVE;
				CLANG_CXX_LANGUAGE_STANDARD = "gnu++0x";
				CLANG_CXX_LIBRARY = "libc++";
				CLANG_ENABLE_MODULES = YES;
				CLANG_ENABLE_OBJC_ARC = YES;
				CLANG_WARN_BOOL_CONVERSION = YES;
				CLANG_WARN_CONSTANT_CONVERSION = YES;
				CLANG_WARN_DIRECT_OBJC_ISA_USAGE = YES_ERROR;
				CLANG_WARN_DOCUMENTATION_COMMENTS = YES;
				CLANG_WARN_EMPTY_BODY = YES;
				CLANG_WARN_ENUM_CONVERSION = YES;
				CLANG_WARN_INFINITE_RECURSION = YES;
				CLANG_WARN_INT_CONVERSION = YES;
				CLANG_WARN_OBJC_ROOT_CLASS = YES_ERROR;
				CLANG_WARN_SUSPICIOUS_MOVE = YES;
				CLANG_WARN_UNREACHABLE_CODE = YES;
				CLANG_WARN__DUPLICATE_METHOD_MATCH = YES;
				"CODE_SIGN_IDENTITY[sdk=iphoneos*]" = "iPhone Developer";
				COPY_PHASE_STRIP = NO;
				DEBUG_INFORMATION_FORMAT = "dwarf-with-dsym";
				ENABLE_NS_ASSERTIONS = NO;
				ENABLE_STRICT_OBJC_MSGSEND = YES;
				GCC_C_LANGUAGE_STANDARD = gnu99;
				GCC_NO_COMMON_BLOCKS = YES;
				GCC_WARN_64_TO_32_BIT_CONVERSION = YES;
				GCC_WARN_ABOUT_RETURN_TYPE = YES_ERROR;
				GCC_WARN_UNDECLARED_SELECTOR = YES;
				GCC_WARN_UNINITIALIZED_AUTOS = YES_AGGRESSIVE;
				GCC_WARN_UNUSED_FUNCTION = YES;
				GCC_WARN_UNUSED_VARIABLE = YES;
				IPHONEOS_DEPLOYMENT_TARGET = 10.3;
				MTL_ENABLE_DEBUG_INFO = NO;
				SDKROOT = iphoneos;
				SWIFT_OPTIMIZATION_LEVEL = "-Owholemodule";
				TARGETED_DEVICE_FAMILY = "1,2";
				VALIDATE_PRODUCT = YES;
			};
			name = Release;
		};
		D291C9BF1F3D5753008B3D94 /* Debug */ = {
			isa = XCBuildConfiguration;
			baseConfigurationReference = 04C31A6281BEE197C5B0DB86 /* Pods-GaoXiao.debug.xcconfig */;
			buildSettings = {
				ASSETCATALOG_COMPILER_APPICON_NAME = AppIcon;
				DEVELOPMENT_TEAM = ZYQ6U8J2X2;
				INFOPLIST_FILE = GaoXiao/Info.plist;
				LD_RUNPATH_SEARCH_PATHS = "$(inherited) @executable_path/Frameworks";
				PRODUCT_BUNDLE_IDENTIFIER = com.rekuu.GaoXiao;
				PRODUCT_NAME = "$(TARGET_NAME)";
				SWIFT_OBJC_BRIDGING_HEADER = "/Users/wanghongliang/开发/杭州热酷网络科技有限公司/GaoXiao/GaoXiao/GaoXiao-Bridging-Header.h";
				SWIFT_VERSION = 3.0;
			};
			name = Debug;
		};
		D291C9C01F3D5753008B3D94 /* Release */ = {
			isa = XCBuildConfiguration;
			baseConfigurationReference = 62C0A59BEDCF73EA504877D9 /* Pods-GaoXiao.release.xcconfig */;
			buildSettings = {
				ASSETCATALOG_COMPILER_APPICON_NAME = AppIcon;
				DEVELOPMENT_TEAM = ZYQ6U8J2X2;
				INFOPLIST_FILE = GaoXiao/Info.plist;
				LD_RUNPATH_SEARCH_PATHS = "$(inherited) @executable_path/Frameworks";
				PRODUCT_BUNDLE_IDENTIFIER = com.rekuu.GaoXiao;
				PRODUCT_NAME = "$(TARGET_NAME)";
				SWIFT_OBJC_BRIDGING_HEADER = "/Users/wanghongliang/开发/杭州热酷网络科技有限公司/GaoXiao/GaoXiao/GaoXiao-Bridging-Header.h";
				SWIFT_VERSION = 3.0;
			};
			name = Release;
		};
/* End XCBuildConfiguration section */

/* Begin XCConfigurationList section */
		D291C9A71F3D5752008B3D94 /* Build configuration list for PBXProject "GaoXiao" */ = {
			isa = XCConfigurationList;
			buildConfigurations = (
				D291C9BC1F3D5753008B3D94 /* Debug */,
				D291C9BD1F3D5753008B3D94 /* Release */,
			);
			defaultConfigurationIsVisible = 0;
			defaultConfigurationName = Release;
		};
		D291C9BE1F3D5753008B3D94 /* Build configuration list for PBXNativeTarget "GaoXiao" */ = {
			isa = XCConfigurationList;
			buildConfigurations = (
				D291C9BF1F3D5753008B3D94 /* Debug */,
				D291C9C01F3D5753008B3D94 /* Release */,
			);
			defaultConfigurationIsVisible = 0;
			defaultConfigurationName = Release;
		};
/* End XCConfigurationList section */
	};
	rootObject = D291C9A41F3D5752008B3D94 /* Project object */;
}
