// !$*UTF8*$!
{
	archiveVersion = 1;
	classes = {
	};
	objectVersion = 46;
	objects = {

/* Begin PBXBuildFile section */
		4A5FD9B65E05CA772814FF88 /* Pods_GaoXiao.framework in Frameworks */ = {isa = PBXBuildFile; fileRef = 1465DDC615306C74BC62620F /* Pods_GaoXiao.framework */; };
		D291C9B01F3D5753008B3D94 /* AppDelegate.swift in Sources */ = {isa = PBXBuildFile; fileRef = D291C9AF1F3D5753008B3D94 /* AppDelegate.swift */; };
		D291C9B21F3D5753008B3D94 /* ViewController.swift in Sources */ = {isa = PBXBuildFile; fileRef = D291C9B11F3D5753008B3D94 /* ViewController.swift */; };
		D291C9B51F3D5753008B3D94 /* Main.storyboard in Resources */ = {isa = PBXBuildFile; fileRef = D291C9B31F3D5753008B3D94 /* Main.storyboard */; };
		D291C9B71F3D5753008B3D94 /* Assets.xcassets in Resources */ = {isa = PBXBuildFile; fileRef = D291C9B61F3D5753008B3D94 /* Assets.xcassets */; };
		D291C9BA1F3D5753008B3D94 /* LaunchScreen.storyboard in Resources */ = {isa = PBXBuildFile; fileRef = D291C9B81F3D5753008B3D94 /* LaunchScreen.storyboard */; };
/* End PBXBuildFile section */

/* Begin PBXFileReference section */
		04C31A6281BEE197C5B0DB86 /* Pods-GaoXiao.debug.xcconfig */ = {isa = PBXFileReference; includeInIndex = 1; lastKnownFileType = text.xcconfig; name = "Pods-GaoXiao.debug.xcconfig"; path = "Pods/Target Support Files/Pods-GaoXiao/Pods-GaoXiao.debug.xcconfig"; sourceTree = "<group>"; };
		1465DDC615306C74BC62620F /* Pods_GaoXiao.framework */ = {isa = PBXFileReference; explicitFileType = wrapper.framework; includeInIndex = 0; path = Pods_GaoXiao.framework; sourceTree = BUILT_PRODUCTS_DIR; };
		62C0A59BEDCF73EA504877D9 /* Pods-GaoXiao.release.xcconfig */ = {isa = PBXFileReference; includeInIndex = 1; lastKnownFileType = text.xcconfig; name = "Pods-GaoXiao.release.xcconfig"; path = "Pods/Target Support Files/Pods-GaoXiao/Pods-GaoXiao.release.xcconfig"; sourceTree = "<group>"; };
		D291C9AC1F3D5752008B3D94 /* GaoXiao.app */ = {isa = PBXFileReference; explicitFileType = wrapper.application; includeInIndex = 0; path = GaoXiao.app; sourceTree = BUILT_PRODUCTS_DIR; };
		D291C9AF1F3D5753008B3D94 /* AppDelegate.swift */ = {isa = PBXFileReference; lastKnownFileType = sourcecode.swift; path = AppDelegate.swift; sourceTree = "<group>"; };
		D291C9B11F3D5753008B3D94 /* ViewController.swift */ = {isa = PBXFileReference; lastKnownFileType = sourcecode.swift; path = ViewController.swift; sourceTree = "<group>"; };
		D291C9B41F3D5753008B3D94 /* Base */ = {isa = PBXFileReference; lastKnownFileType = file.storyboard; name = Base; path = Base.lproj/Main.storyboard; sourceTree = "<group>"; };
		D291C9B61F3D5753008B3D94 /* Assets.xcassets */ = {isa = PBXFileReference; lastKnownFileType = folder.assetcatalog; path = Assets.xcassets; sourceTree = "<group>"; };
		D291C9B91F3D5753008B3D94 /* Base */ = {isa = PBXFileReference; lastKnownFileType = file.storyboard; name = Base; path = Base.lproj/LaunchScreen.storyboard; sourceTree = "<group>"; };
		D291C9BB1F3D5753008B3D94 /* Info.plist */ = {isa = PBXFileReference; lastKnownFileType = text.plist.xml; path = Info.plist; sourceTree = "<group>"; };
/* End PBXFileReference section */

/* Begin PBXFrameworksBuildPhase section */
		D291C9A91F3D5752008B3D94 /* Frameworks */ = {
			isa = PBXFrameworksBuildPhase;
			buildActionMask = 2147483647;
			files = (
				4A5FD9B65E05CA772814FF88 /* Pods_GaoXiao.framework in Frameworks */,
			);
			runOnlyForDeploymentPostprocessing = 0;
		};
/* End PBXFrameworksBuildPhase section */

/* Begin PBXGroup section */
		0D1A8F3687E2B8B145FA7354 /* Pods */ = {
			isa = PBXGroup;
			children = (
				04C31A6281BEE197C5B0DB86 /* Pods-GaoXiao.debug.xcconfig */,
				62C0A59BEDCF73EA504877D9 /* Pods-GaoXiao.release.xcconfig */,
			);
			name = Pods;
			sourceTree = "<group>";
		};
		8271665DC6FD865060E89743 /* Frameworks */ = {
			isa = PBXGroup;
			children = (
				1465DDC615306C74BC62620F /* Pods_GaoXiao.framework */,
			);
			name = Frameworks;
			sourceTree = "<group>";
		};
		D291C9A31F3D5752008B3D94 = {
			isa = PBXGroup;
			children = (
				D291C9AE1F3D5752008B3D94 /* GaoXiao */,
				D291C9AD1F3D5752008B3D94 /* Products */,
				0D1A8F3687E2B8B145FA7354 /* Pods */,
				8271665DC6FD865060E89743 /* Frameworks */,
			);
			sourceTree = "<group>";
		};
		D291C9AD1F3D5752008B3D94 /* Products */ = {
			isa = PBXGroup;
			children = (
				D291C9AC1F3D5752008B3D94 /* GaoXiao.app */,
			);
			name = Products;
			sourceTree = "<group>";
		};
		D291C9AE1F3D5752008B3D94 /* GaoXiao */ = {
			isa = PBXGroup;
			children = (
				D291C9AF1F3D5753008B3D94 /* AppDelegate.swift */,
				D291C9B11F3D5753008B3D94 /* ViewController.swift */,
				D291C9B31F3D5753008B3D94 /* Main.storyboard */,
				D291C9B61F3D5753008B3D94 /* Assets.xcassets */,
				D291C9B81F3D5753008B3D94 /* LaunchScreen.storyboard */,
				D291C9BB1F3D5753008B3D94 /* Info.plist */,
			);
			path = GaoXiao;
			sourceTree = "<group>";
		};
/* End PBXGroup section */

/* Begin PBXNativeTarget section */
		D291C9AB1F3D5752008B3D94 /* GaoXiao */ = {
			isa = PBXNativeTarget;
			buildConfigurationList = D291C9BE1F3D5753008B3D94 /* Build configuration list for PBXNativeTarget "GaoXiao" */;
			buildPhases = (
				FA21F68C65CBDA68F292114C /* [CP] Check Pods Manifest.lock */,
				D291C9A81F3D5752008B3D94 /* Sources */,
				D291C9A91F3D5752008B3D94 /* Frameworks */,
				D291C9AA1F3D5752008B3D94 /* Resources */,
				6190C9657A685641787414CE /* [CP] Embed Pods Frameworks */,
				22AEF4DD503C94904E1DD96F /* [CP] Copy Pods Resources */,
			);
			buildRules = (
			);
			dependencies = (
			);
			name = GaoXiao;
			productName = GaoXiao;
			productReference = D291C9AC1F3D5752008B3D94 /* GaoXiao.app */;
			productType = "com.apple.product-type.application";
		};
/* End PBXNativeTarget section */

/* Begin PBXProject section */
		D291C9A41F3D5752008B3D94 /* Project object */ = {
			isa = PBXProject;
			attributes = {
				LastSwiftUpdateCheck = 0830;
				LastUpgradeCheck = 0830;
				ORGANIZATIONNAME = rekuu;
				TargetAttributes = {
					D291C9AB1F3D5752008B3D94 = {
						CreatedOnToolsVersion = 8.3.3;
						DevelopmentTeam = ZYQ6U8J2X2;
						ProvisioningStyle = Automatic;
					};
				};
			};
			buildConfigurationList = D291C9A71F3D5752008B3D94 /* Build configuration list for PBXProject "GaoXiao" */;
			compatibilityVersion = "Xcode 3.2";
			developmentRegion = English;
			hasScannedForEncodings = 0;
			knownRegions = (
				en,
				Base,
			);
			mainGroup = D291C9A31F3D5752008B3D94;
			productRefGroup = D291C9AD1F3D5752008B3D94 /* Products */;
			projectDirPath = "";
			projectRoot = "";
			targets = (
				D291C9AB1F3D5752008B3D94 /* GaoXiao */,
			);
		};
/* End PBXProject section */

/* Begin PBXResourcesBuildPhase section */
		D291C9AA1F3D5752008B3D94 /* Resources */ = {
			isa = PBXResourcesBuildPhase;
			buildActionMask = 2147483647;
			files = (
				D291C9BA1F3D5753008B3D94 /* LaunchScreen.storyboard in Resources */,
				D291C9B71F3D5753008B3D94 /* Assets.xcassets in Resources */,
				D291C9B51F3D5753008B3D94 /* Main.storyboard in Resources */,
			);
			runOnlyForDeploymentPostprocessing = 0;
		};
/* End PBXResourcesBuildPhase section */

/* Begin PBXShellScriptBuildPhase section */
		22AEF4DD503C94904E1DD96F /* [CP] Copy Pods Resources */ = {
			isa = PBXShellScriptBuildPhase;
			buildActionMask = 2147483647;
			files = (
			);
			inputPaths = (
			);
			name = "[CP] Copy Pods Resources";
			outputPaths = (
			);
			runOnlyForDeploymentPostprocessing = 0;
			shellPath = /bin/sh;
			shellScript = "\"${SRCROOT}/Pods/Target Support Files/Pods-GaoXiao/Pods-GaoXiao-resources.sh\"\n";
			showEnvVarsInLog = 0;
		};
		6190C9657A685641787414CE /* [CP] Embed Pods Frameworks */ = {
			isa = PBXShellScriptBuildPhase;
			buildActionMask = 2147483647;
			files = (
			);
			inputPaths = (
			);
			name = "[CP] Embed Pods Frameworks";
			outputPaths = (
			);
			runOnlyForDeploymentPostprocessing = 0;
			shellPath = /bin/sh;
			shellScript = "\"${SRCROOT}/Pods/Target Support Files/Pods-GaoXiao/Pods-GaoXiao-frameworks.sh\"\n";
			showEnvVarsInLog = 0;
		};
		FA21F68C65CBDA68F292114C /* [CP] Check Pods Manifest.lock */ = {
			isa = PBXShellScriptBuildPhase;
			buildActionMask = 2147483647;
			files = (
			);
			inputPaths = (
			);
			name = "[CP] Check Pods Manifest.lock";
			outputPaths = (
			);
			runOnlyForDeploymentPostprocessing = 0;
			shellPath = /bin/sh;
			shellScript = "diff \"${PODS_PODFILE_DIR_PATH}/Podfile.lock\" \"${PODS_ROOT}/Manifest.lock\" > /dev/null\nif [ $? != 0 ] ; then\n    # print error to STDERR\n    echo \"error: The sandbox is not in sync with the Podfile.lock. Run 'pod install' or update your CocoaPods installation.\" >&2\n    exit 1\nfi\n";
			showEnvVarsInLog = 0;
		};
/* End PBXShellScriptBuildPhase section */

/* Begin PBXSourcesBuildPhase section */
		D291C9A81F3D5752008B3D94 /* Sources */ = {
			isa = PBXSourcesBuildPhase;
			buildActionMask = 2147483647;
			files = (
				D291C9B21F3D5753008B3D94 /* ViewController.swift in Sources */,
				D291C9B01F3D5753008B3D94 /* AppDelegate.swift in Sources */,
			);
			runOnlyForDeploymentPostprocessing = 0;
		};
/* End PBXSourcesBuildPhase section */

/* Begin PBXVariantGroup section */
		D291C9B31F3D5753008B3D94 /* Main.storyboard */ = {
			isa = PBXVariantGroup;
			children = (
				D291C9B41F3D5753008B3D94 /* Base */,
			);
			name = Main.storyboard;
			sourceTree = "<group>";
		};
		D291C9B81F3D5753008B3D94 /* LaunchScreen.storyboard */ = {
			isa = PBXVariantGroup;
			children = (
				D291C9B91F3D5753008B3D94 /* Base */,
			);
			name = LaunchScreen.storyboard;
			sourceTree = "<group>";
		};
/* End PBXVariantGroup section */

/* Begin XCBuildConfiguration section */
		D291C9BC1F3D5753008B3D94 /* Debug */ = {
			isa = XCBuildConfiguration;
			buildSettings = {
				ALWAYS_SEARCH_USER_PATHS = NO;
				CLANG_ANALYZER_NONNULL = YES;
				CLANG_ANALYZER_NUMBER_OBJECT_CONVERSION = YES_AGGRESSIVE;
				CLANG_CXX_LANGUAGE_STANDARD = "gnu++0x";
				CLANG_CXX_LIBRARY = "libc++";
				CLANG_ENABLE_MODULES = YES;
				CLANG_ENABLE_OBJC_ARC = YES;
				CLANG_WARN_BOOL_CONVERSION = YES;
				CLANG_WARN_CONSTANT_CONVERSION = YES;
				CLANG_WARN_DIRECT_OBJC_ISA_USAGE = YES_ERROR;
				CLANG_WARN_DOCUMENTATION_COMMENTS = YES;
				CLANG_WARN_EMPTY_BODY = YES;
				CLANG_WARN_ENUM_CONVERSION = YES;
				CLANG_WARN_INFINITE_RECURSION = YES;
				CLANG_WARN_INT_CONVERSION = YES;
				CLANG_WARN_OBJC_ROOT_CLASS = YES_ERROR;
				CLANG_WARN_SUSPICIOUS_MOVE = YES;
				CLANG_WARN_UNREACHABLE_CODE = YES;
				CLANG_WARN__DUPLICATE_METHOD_MATCH = YES;
				"CODE_SIGN_IDENTITY[sdk=iphoneos*]" = "iPhone Developer";
				COPY_PHASE_STRIP = NO;
				DEBUG_INFORMATION_FORMAT = dwarf;
				ENABLE_STRICT_OBJC_MSGSEND = YES;
				ENABLE_TESTABILITY = YES;
				GCC_C_LANGUAGE_STANDARD = gnu99;
				GCC_DYNAMIC_NO_PIC = NO;
				GCC_NO_COMMON_BLOCKS = YES;
				GCC_OPTIMIZATION_LEVEL = 0;
				GCC_PREPROCESSOR_DEFINITIONS = (
					"DEBUG=1",
					"$(inherited)",
				);
				GCC_WARN_64_TO_32_BIT_CONVERSION = YES;
				GCC_WARN_ABOUT_RETURN_TYPE = YES_ERROR;
				GCC_WARN_UNDECLARED_SELECTOR = YES;
				GCC_WARN_UNINITIALIZED_AUTOS = YES_AGGRESSIVE;
				GCC_WARN_UNUSED_FUNCTION = YES;
				GCC_WARN_UNUSED_VARIABLE = YES;
				IPHONEOS_DEPLOYMENT_TARGET = 10.3;
				MTL_ENABLE_DEBUG_INFO = YES;
				ONLY_ACTIVE_ARCH = YES;
				SDKROOT = iphoneos;
				SWIFT_ACTIVE_COMPILATION_CONDITIONS = DEBUG;
				SWIFT_OPTIMIZATION_LEVEL = "-Onone";
				TARGETED_DEVICE_FAMILY = "1,2";
			};
			name = Debug;
		};
		D291C9BD1F3D5753008B3D94 /* Release */ = {
			isa = XCBuildConfiguration;
			buildSettings = {
				ALWAYS_SEARCH_USER_PATHS = NO;
				CLANG_ANALYZER_NONNULL = YES;
				CLANG_ANALYZER_NUMBER_OBJECT_CONVERSION = YES_AGGRESSIVE;
				CLANG_CXX_LANGUAGE_STANDARD = "gnu++0x";
				CLANG_CXX_LIBRARY = "libc++";
				CLANG_ENABLE_MODULES = YES;
				CLANG_ENABLE_OBJC_ARC = YES;
				CLANG_WARN_BOOL_CONVERSION = YES;
				CLANG_WARN_CONSTANT_CONVERSION = YES;
				CLANG_WARN_DIRECT_OBJC_ISA_USAGE = YES_ERROR;
				CLANG_WARN_DOCUMENTATION_COMMENTS = YES;
				CLANG_WARN_EMPTY_BODY = YES;
				CLANG_WARN_ENUM_CONVERSION = YES;
				CLANG_WARN_INFINITE_RECURSION = YES;
				CLANG_WARN_INT_CONVERSION = YES;
				CLANG_WARN_OBJC_ROOT_CLASS = YES_ERROR;
				CLANG_WARN_SUSPICIOUS_MOVE = YES;
				CLANG_WARN_UNREACHABLE_CODE = YES;
				CLANG_WARN__DUPLICATE_METHOD_MATCH = YES;
				"CODE_SIGN_IDENTITY[sdk=iphoneos*]" = "iPhone Developer";
				COPY_PHASE_STRIP = NO;
				DEBUG_INFORMATION_FORMAT = "dwarf-with-dsym";
				ENABLE_NS_ASSERTIONS = NO;
				ENABLE_STRICT_OBJC_MSGSEND = YES;
				GCC_C_LANGUAGE_STANDARD = gnu99;
				GCC_NO_COMMON_BLOCKS = YES;
				GCC_WARN_64_TO_32_BIT_CONVERSION = YES;
				GCC_WARN_ABOUT_RETURN_TYPE = YES_ERROR;
				GCC_WARN_UNDECLARED_SELECTOR = YES;
				GCC_WARN_UNINITIALIZED_AUTOS = YES_AGGRESSIVE;
				GCC_WARN_UNUSED_FUNCTION = YES;
				GCC_WARN_UNUSED_VARIABLE = YES;
				IPHONEOS_DEPLOYMENT_TARGET = 10.3;
				MTL_ENABLE_DEBUG_INFO = NO;
				SDKROOT = iphoneos;
				SWIFT_OPTIMIZATION_LEVEL = "-Owholemodule";
				TARGETED_DEVICE_FAMILY = "1,2";
				VALIDATE_PRODUCT = YES;
			};
			name = Release;
		};
		D291C9BF1F3D5753008B3D94 /* Debug */ = {
			isa = XCBuildConfiguration;
			baseConfigurationReference = 04C31A6281BEE197C5B0DB86 /* Pods-GaoXiao.debug.xcconfig */;
			buildSettings = {
				ASSETCATALOG_COMPILER_APPICON_NAME = AppIcon;
				DEVELOPMENT_TEAM = ZYQ6U8J2X2;
				INFOPLIST_FILE = GaoXiao/Info.plist;
				LD_RUNPATH_SEARCH_PATHS = "$(inherited) @executable_path/Frameworks";
				PRODUCT_BUNDLE_IDENTIFIER = com.rekuu.GaoXiao;
				PRODUCT_NAME = "$(TARGET_NAME)";
				SWIFT_VERSION = 3.0;
			};
			name = Debug;
		};
		D291C9C01F3D5753008B3D94 /* Release */ = {
			isa = XCBuildConfiguration;
			baseConfigurationReference = 62C0A59BEDCF73EA504877D9 /* Pods-GaoXiao.release.xcconfig */;
			buildSettings = {
				ASSETCATALOG_COMPILER_APPICON_NAME = AppIcon;
				DEVELOPMENT_TEAM = ZYQ6U8J2X2;
				INFOPLIST_FILE = GaoXiao/Info.plist;
				LD_RUNPATH_SEARCH_PATHS = "$(inherited) @executable_path/Frameworks";
				PRODUCT_BUNDLE_IDENTIFIER = com.rekuu.GaoXiao;
				PRODUCT_NAME = "$(TARGET_NAME)";
				SWIFT_VERSION = 3.0;
			};
			name = Release;
		};
/* End XCBuildConfiguration section */

/* Begin XCConfigurationList section */
		D291C9A71F3D5752008B3D94 /* Build configuration list for PBXProject "GaoXiao" */ = {
			isa = XCConfigurationList;
			buildConfigurations = (
				D291C9BC1F3D5753008B3D94 /* Debug */,
				D291C9BD1F3D5753008B3D94 /* Release */,
			);
			defaultConfigurationIsVisible = 0;
			defaultConfigurationName = Release;
		};
		D291C9BE1F3D5753008B3D94 /* Build configuration list for PBXNativeTarget "GaoXiao" */ = {
			isa = XCConfigurationList;
			buildConfigurations = (
				D291C9BF1F3D5753008B3D94 /* Debug */,
				D291C9C01F3D5753008B3D94 /* Release */,
			);
			defaultConfigurationIsVisible = 0;
		};
/* End XCConfigurationList section */
	};
	rootObject = D291C9A41F3D5752008B3D94 /* Project object */;
}
